// !$*UTF8*$!
{
	archiveVersion = 1;
	classes = {
	};
	objectVersion = 46;
	objects = {

/* Begin PBXBuildFile section */
		FA1C0D83177C84B3009E51BE /* Icon-60@2x.png in Resources */ = {isa = PBXBuildFile; fileRef = FA1C0D82177C84B3009E51BE /* Icon-60@2x.png */; };
		FA1C0D8A177C84C2009E51BE /* Icon-76.png in Resources */ = {isa = PBXBuildFile; fileRef = FA1C0D84177C84C2009E51BE /* Icon-76.png */; };
		FA1C0D8B177C84C2009E51BE /* Icon-76@2x.png in Resources */ = {isa = PBXBuildFile; fileRef = FA1C0D85177C84C2009E51BE /* Icon-76@2x.png */; };
		FA1C0D8C177C84C2009E51BE /* Icon-Small-50.png in Resources */ = {isa = PBXBuildFile; fileRef = FA1C0D86177C84C2009E51BE /* Icon-Small-50.png */; };
		FA1C0D8D177C84C2009E51BE /* Icon-Small-50@2x.png in Resources */ = {isa = PBXBuildFile; fileRef = FA1C0D87177C84C2009E51BE /* Icon-Small-50@2x.png */; };
		FA1C0D8E177C84C2009E51BE /* Icon-Small.png in Resources */ = {isa = PBXBuildFile; fileRef = FA1C0D88177C84C2009E51BE /* Icon-Small.png */; };
		FA1C0D8F177C84C2009E51BE /* Icon-Small@2x.png in Resources */ = {isa = PBXBuildFile; fileRef = FA1C0D89177C84C2009E51BE /* Icon-Small@2x.png */; };
		FA1C0D91177C8EC1009E51BE /* Icon-60.png in Resources */ = {isa = PBXBuildFile; fileRef = FA1C0D90177C8EC1009E51BE /* Icon-60.png */; };
		FA5892FB1777530100EB7F59 /* UIKit.framework in Frameworks */ = {isa = PBXBuildFile; fileRef = FA5892FA1777530100EB7F59 /* UIKit.framework */; };
		FA5892FD1777530100EB7F59 /* Foundation.framework in Frameworks */ = {isa = PBXBuildFile; fileRef = FA5892FC1777530100EB7F59 /* Foundation.framework */; };
		FA5892FF1777530100EB7F59 /* CoreGraphics.framework in Frameworks */ = {isa = PBXBuildFile; fileRef = FA5892FE1777530100EB7F59 /* CoreGraphics.framework */; };
		FA5893011777530100EB7F59 /* CoreData.framework in Frameworks */ = {isa = PBXBuildFile; fileRef = FA5893001777530100EB7F59 /* CoreData.framework */; };
		FA58932B1777530200EB7F59 /* UIKit.framework in Frameworks */ = {isa = PBXBuildFile; fileRef = FA5892FA1777530100EB7F59 /* UIKit.framework */; };
		FA58932C1777530200EB7F59 /* Foundation.framework in Frameworks */ = {isa = PBXBuildFile; fileRef = FA5892FC1777530100EB7F59 /* Foundation.framework */; };
		FA58932D1777530200EB7F59 /* CoreData.framework in Frameworks */ = {isa = PBXBuildFile; fileRef = FA5893001777530100EB7F59 /* CoreData.framework */; };
		FA5893351777530200EB7F59 /* InfoPlist.strings in Resources */ = {isa = PBXBuildFile; fileRef = FA5893331777530200EB7F59 /* InfoPlist.strings */; };
		FA5893381777530200EB7F59 /* GlobeRoverTests.m in Sources */ = {isa = PBXBuildFile; fileRef = FA5893371777530200EB7F59 /* GlobeRoverTests.m */; };
		FA589344177753DD00EB7F59 /* bitbucket-globerover.webloc in Resources */ = {isa = PBXBuildFile; fileRef = FA589343177753DD00EB7F59 /* bitbucket-globerover.webloc */; };
		FA589363177754E200EB7F59 /* InfoPlist.strings in Resources */ = {isa = PBXBuildFile; fileRef = FA589357177754E200EB7F59 /* InfoPlist.strings */; };
		FA589365177754E200EB7F59 /* MainStoryboard.storyboard in Resources */ = {isa = PBXBuildFile; fileRef = FA58935B177754E200EB7F59 /* MainStoryboard.storyboard */; };
		FA589367177754E200EB7F59 /* GlobeRover.xcdatamodeld in Sources */ = {isa = PBXBuildFile; fileRef = FA58935E177754E200EB7F59 /* GlobeRover.xcdatamodeld */; };
		FA6755BF1779EC0200CB3937 /* MapKit.framework in Frameworks */ = {isa = PBXBuildFile; fileRef = FA6755BE1779EC0200CB3937 /* MapKit.framework */; };
		FA6755C51779F88400CB3937 /* streetview.html in Resources */ = {isa = PBXBuildFile; fileRef = FA6755C41779F88400CB3937 /* streetview.html */; };
		FA6755D4177A662B00CB3937 /* GRVAppDelegate.m in Sources */ = {isa = PBXBuildFile; fileRef = FA6755CC177A662B00CB3937 /* GRVAppDelegate.m */; };
		FA6755D5177A662B00CB3937 /* main.m in Sources */ = {isa = PBXBuildFile; fileRef = FA6755CD177A662B00CB3937 /* main.m */; };
		FA6755D6177A662B00CB3937 /* GRVFlipsideViewController.m in Sources */ = {isa = PBXBuildFile; fileRef = FA6755D1177A662B00CB3937 /* GRVFlipsideViewController.m */; };
		FA6755D7177A662B00CB3937 /* GRVMainViewController.m in Sources */ = {isa = PBXBuildFile; fileRef = FA6755D3177A662B00CB3937 /* GRVMainViewController.m */; };
		FA6755DA177A66EF00CB3937 /* TWXAnalytics.m in Sources */ = {isa = PBXBuildFile; fileRef = FA6755D9177A66EF00CB3937 /* TWXAnalytics.m */; };
		FA6755E1177A6CD200CB3937 /* TWXDebugging.m in Sources */ = {isa = PBXBuildFile; fileRef = FA6755E0177A6CD200CB3937 /* TWXDebugging.m */; };
		FA6755E4177A6EBA00CB3937 /* TWXNSString.m in Sources */ = {isa = PBXBuildFile; fileRef = FA6755E3177A6EBA00CB3937 /* TWXNSString.m */; };
		FA75AC8F178732AC00838F63 /* AdSupport.framework in Frameworks */ = {isa = PBXBuildFile; fileRef = FA75AC8E178732AC00838F63 /* AdSupport.framework */; };
		FA83FFEF177F41BC00C589A7 /* TWXUIImage.m in Sources */ = {isa = PBXBuildFile; fileRef = FA83FFED177F3E8300C589A7 /* TWXUIImage.m */; };
		FAAC9A88177C92C2005B32FD /* iTunesArtwork in Resources */ = {isa = PBXBuildFile; fileRef = FAAC9A86177C92C2005B32FD /* iTunesArtwork */; };
		FAAC9A89177C92C2005B32FD /* iTunesArtwork@2x in Resources */ = {isa = PBXBuildFile; fileRef = FAAC9A87177C92C2005B32FD /* iTunesArtwork@2x */; };
		FADCD08E177C7A8400C2782E /* Localizable.strings in Resources */ = {isa = PBXBuildFile; fileRef = FADCD08C177C7A8400C2782E /* Localizable.strings */; };
		FADCD098177C7C5D00C2782E /* Default-568h@2x.png in Resources */ = {isa = PBXBuildFile; fileRef = FADCD090177C7C5D00C2782E /* Default-568h@2x.png */; };
		FADCD099177C7C5D00C2782E /* Default-Landscape.png in Resources */ = {isa = PBXBuildFile; fileRef = FADCD091177C7C5D00C2782E /* Default-Landscape.png */; };
		FADCD09A177C7C5D00C2782E /* Default-Portrait.png in Resources */ = {isa = PBXBuildFile; fileRef = FADCD092177C7C5D00C2782E /* Default-Portrait.png */; };
		FADCD09B177C7C5D00C2782E /* Default.png in Resources */ = {isa = PBXBuildFile; fileRef = FADCD093177C7C5D00C2782E /* Default.png */; };
		FADCD09C177C7C5D00C2782E /* Default@2x.png in Resources */ = {isa = PBXBuildFile; fileRef = FADCD094177C7C5D00C2782E /* Default@2x.png */; };
		FADCD09D177C7C5D00C2782E /* Icon-72.png in Resources */ = {isa = PBXBuildFile; fileRef = FADCD095177C7C5D00C2782E /* Icon-72.png */; };
		FADCD09E177C7C5D00C2782E /* Icon.png in Resources */ = {isa = PBXBuildFile; fileRef = FADCD096177C7C5D00C2782E /* Icon.png */; };
		FADCD09F177C7C5D00C2782E /* Icon@2x.png in Resources */ = {isa = PBXBuildFile; fileRef = FADCD097177C7C5D00C2782E /* Icon@2x.png */; };
		FADCD0A7177C7D6E00C2782E /* Icon-72@2x.png in Resources */ = {isa = PBXBuildFile; fileRef = FADCD0A6177C7D6E00C2782E /* Icon-72@2x.png */; };
		FADCD0AB177C7E1400C2782E /* Default-Landscape@2x.png in Resources */ = {isa = PBXBuildFile; fileRef = FADCD0AA177C7E1400C2782E /* Default-Landscape@2x.png */; };
		FADCD0AD177C7E9200C2782E /* Default-Portrait@2x.png in Resources */ = {isa = PBXBuildFile; fileRef = FADCD0AC177C7E9200C2782E /* Default-Portrait@2x.png */; };
/* End PBXBuildFile section */

/* Begin PBXContainerItemProxy section */
		FA58932E1777530200EB7F59 /* PBXContainerItemProxy */ = {
			isa = PBXContainerItemProxy;
			containerPortal = FA5892EF1777530100EB7F59 /* Project object */;
			proxyType = 1;
			remoteGlobalIDString = FA5892F61777530100EB7F59;
			remoteInfo = GlobeRover;
		};
/* End PBXContainerItemProxy section */

/* Begin PBXFileReference section */
		FA1C0D82177C84B3009E51BE /* Icon-60@2x.png */ = {isa = PBXFileReference; lastKnownFileType = image.png; path = "Icon-60@2x.png"; sourceTree = "<group>"; };
		FA1C0D84177C84C2009E51BE /* Icon-76.png */ = {isa = PBXFileReference; lastKnownFileType = image.png; path = "Icon-76.png"; sourceTree = "<group>"; };
		FA1C0D85177C84C2009E51BE /* Icon-76@2x.png */ = {isa = PBXFileReference; lastKnownFileType = image.png; path = "Icon-76@2x.png"; sourceTree = "<group>"; };
		FA1C0D86177C84C2009E51BE /* Icon-Small-50.png */ = {isa = PBXFileReference; lastKnownFileType = image.png; path = "Icon-Small-50.png"; sourceTree = "<group>"; };
		FA1C0D87177C84C2009E51BE /* Icon-Small-50@2x.png */ = {isa = PBXFileReference; lastKnownFileType = image.png; path = "Icon-Small-50@2x.png"; sourceTree = "<group>"; };
		FA1C0D88177C84C2009E51BE /* Icon-Small.png */ = {isa = PBXFileReference; lastKnownFileType = image.png; path = "Icon-Small.png"; sourceTree = "<group>"; };
		FA1C0D89177C84C2009E51BE /* Icon-Small@2x.png */ = {isa = PBXFileReference; lastKnownFileType = image.png; path = "Icon-Small@2x.png"; sourceTree = "<group>"; };
		FA1C0D90177C8EC1009E51BE /* Icon-60.png */ = {isa = PBXFileReference; lastKnownFileType = image.png; path = "Icon-60.png"; sourceTree = "<group>"; };
		FA5892F71777530100EB7F59 /* GlobeRover.app */ = {isa = PBXFileReference; explicitFileType = wrapper.application; includeInIndex = 0; path = GlobeRover.app; sourceTree = BUILT_PRODUCTS_DIR; };
		FA5892FA1777530100EB7F59 /* UIKit.framework */ = {isa = PBXFileReference; lastKnownFileType = wrapper.framework; name = UIKit.framework; path = System/Library/Frameworks/UIKit.framework; sourceTree = SDKROOT; };
		FA5892FC1777530100EB7F59 /* Foundation.framework */ = {isa = PBXFileReference; lastKnownFileType = wrapper.framework; name = Foundation.framework; path = System/Library/Frameworks/Foundation.framework; sourceTree = SDKROOT; };
		FA5892FE1777530100EB7F59 /* CoreGraphics.framework */ = {isa = PBXFileReference; lastKnownFileType = wrapper.framework; name = CoreGraphics.framework; path = System/Library/Frameworks/CoreGraphics.framework; sourceTree = SDKROOT; };
		FA5893001777530100EB7F59 /* CoreData.framework */ = {isa = PBXFileReference; lastKnownFileType = wrapper.framework; name = CoreData.framework; path = System/Library/Frameworks/CoreData.framework; sourceTree = SDKROOT; };
		FA5893281777530200EB7F59 /* GlobeRoverTests.octest */ = {isa = PBXFileReference; explicitFileType = wrapper.cfbundle; includeInIndex = 0; name = GlobeRoverTests.octest; path = GlobeRoverTests.xctest; sourceTree = BUILT_PRODUCTS_DIR; };
		FA5893321777530200EB7F59 /* GlobeRoverTests-Info.plist */ = {isa = PBXFileReference; lastKnownFileType = text.plist.xml; path = "GlobeRoverTests-Info.plist"; sourceTree = "<group>"; };
		FA5893341777530200EB7F59 /* en */ = {isa = PBXFileReference; lastKnownFileType = text.plist.strings; name = en; path = en.lproj/InfoPlist.strings; sourceTree = "<group>"; };
		FA5893361777530200EB7F59 /* GlobeRoverTests.h */ = {isa = PBXFileReference; lastKnownFileType = sourcecode.c.h; path = GlobeRoverTests.h; sourceTree = "<group>"; };
		FA5893371777530200EB7F59 /* GlobeRoverTests.m */ = {isa = PBXFileReference; lastKnownFileType = sourcecode.c.objc; path = GlobeRoverTests.m; sourceTree = "<group>"; };
		FA589343177753DD00EB7F59 /* bitbucket-globerover.webloc */ = {isa = PBXFileReference; lastKnownFileType = file.bplist; path = "bitbucket-globerover.webloc"; sourceTree = "<group>"; };
		FA589352177754AF00EB7F59 /* TWXProjectPrefix.pch */ = {isa = PBXFileReference; fileEncoding = 4; lastKnownFileType = sourcecode.c.h; path = TWXProjectPrefix.pch; sourceTree = "<group>"; };
		FA589358177754E200EB7F59 /* en */ = {isa = PBXFileReference; lastKnownFileType = text.plist.strings; name = en; path = en.lproj/InfoPlist.strings; sourceTree = "<group>"; };
		FA58935C177754E200EB7F59 /* en */ = {isa = PBXFileReference; lastKnownFileType = file.storyboard; name = en; path = en.lproj/MainStoryboard.storyboard; sourceTree = "<group>"; };
		FA58935D177754E200EB7F59 /* GlobeRover-Info.plist */ = {isa = PBXFileReference; fileEncoding = 4; lastKnownFileType = text.plist.xml; path = "GlobeRover-Info.plist"; sourceTree = "<group>"; };
		FA58935F177754E200EB7F59 /* GlobeRover.xcdatamodel */ = {isa = PBXFileReference; lastKnownFileType = wrapper.xcdatamodel; path = GlobeRover.xcdatamodel; sourceTree = "<group>"; };
		FA6755BE1779EC0200CB3937 /* MapKit.framework */ = {isa = PBXFileReference; lastKnownFileType = wrapper.framework; name = MapKit.framework; path = System/Library/Frameworks/MapKit.framework; sourceTree = SDKROOT; };
		FA6755C41779F88400CB3937 /* streetview.html */ = {isa = PBXFileReference; fileEncoding = 4; lastKnownFileType = text.html; path = streetview.html; sourceTree = "<group>"; };
		FA6755C7177A64DC00CB3937 /* notes.rtf */ = {isa = PBXFileReference; fileEncoding = 4; lastKnownFileType = text.rtf; path = notes.rtf; sourceTree = "<group>"; };
		FA6755CB177A662B00CB3937 /* GRVAppDelegate.h */ = {isa = PBXFileReference; fileEncoding = 4; lastKnownFileType = sourcecode.c.h; path = GRVAppDelegate.h; sourceTree = "<group>"; };
		FA6755CC177A662B00CB3937 /* GRVAppDelegate.m */ = {isa = PBXFileReference; fileEncoding = 4; lastKnownFileType = sourcecode.c.objc; path = GRVAppDelegate.m; sourceTree = "<group>"; };
		FA6755CD177A662B00CB3937 /* main.m */ = {isa = PBXFileReference; fileEncoding = 4; lastKnownFileType = sourcecode.c.objc; path = main.m; sourceTree = "<group>"; };
		FA6755D0177A662B00CB3937 /* GRVFlipsideViewController.h */ = {isa = PBXFileReference; fileEncoding = 4; lastKnownFileType = sourcecode.c.h; path = GRVFlipsideViewController.h; sourceTree = "<group>"; };
		FA6755D1177A662B00CB3937 /* GRVFlipsideViewController.m */ = {isa = PBXFileReference; fileEncoding = 4; lastKnownFileType = sourcecode.c.objc; path = GRVFlipsideViewController.m; sourceTree = "<group>"; };
		FA6755D2177A662B00CB3937 /* GRVMainViewController.h */ = {isa = PBXFileReference; fileEncoding = 4; lastKnownFileType = sourcecode.c.h; path = GRVMainViewController.h; sourceTree = "<group>"; };
		FA6755D3177A662B00CB3937 /* GRVMainViewController.m */ = {isa = PBXFileReference; fileEncoding = 4; lastKnownFileType = sourcecode.c.objc; path = GRVMainViewController.m; sourceTree = "<group>"; };
		FA6755D8177A66EF00CB3937 /* TWXAnalytics.h */ = {isa = PBXFileReference; fileEncoding = 4; lastKnownFileType = sourcecode.c.h; path = TWXAnalytics.h; sourceTree = "<group>"; };
		FA6755D9177A66EF00CB3937 /* TWXAnalytics.m */ = {isa = PBXFileReference; fileEncoding = 4; lastKnownFileType = sourcecode.c.objc; path = TWXAnalytics.m; sourceTree = "<group>"; };
		FA6755DF177A6CD200CB3937 /* TWXDebugging.h */ = {isa = PBXFileReference; fileEncoding = 4; lastKnownFileType = sourcecode.c.h; path = TWXDebugging.h; sourceTree = "<group>"; };
		FA6755E0177A6CD200CB3937 /* TWXDebugging.m */ = {isa = PBXFileReference; fileEncoding = 4; lastKnownFileType = sourcecode.c.objc; path = TWXDebugging.m; sourceTree = "<group>"; };
		FA6755E2177A6EBA00CB3937 /* TWXNSString.h */ = {isa = PBXFileReference; fileEncoding = 4; lastKnownFileType = sourcecode.c.h; path = TWXNSString.h; sourceTree = "<group>"; };
		FA6755E3177A6EBA00CB3937 /* TWXNSString.m */ = {isa = PBXFileReference; fileEncoding = 4; lastKnownFileType = sourcecode.c.objc; path = TWXNSString.m; sourceTree = "<group>"; };
		FA6D0C97177E89D2003FF3A3 /* TWXProjectBase.xcconfig */ = {isa = PBXFileReference; lastKnownFileType = text.xcconfig; path = TWXProjectBase.xcconfig; sourceTree = "<group>"; };
		FA6D0C98177E89D2003FF3A3 /* TWXProjectDebug.xcconfig */ = {isa = PBXFileReference; lastKnownFileType = text.xcconfig; path = TWXProjectDebug.xcconfig; sourceTree = "<group>"; };
		FA6D0C99177E89D2003FF3A3 /* TWXProjectRelease.xcconfig */ = {isa = PBXFileReference; lastKnownFileType = text.xcconfig; path = TWXProjectRelease.xcconfig; sourceTree = "<group>"; };
		FA6D0C9A177E89D2003FF3A3 /* TWXTarget.xcconfig */ = {isa = PBXFileReference; lastKnownFileType = text.xcconfig; path = TWXTarget.xcconfig; sourceTree = "<group>"; };
		FA75AC8E178732AC00838F63 /* AdSupport.framework */ = {isa = PBXFileReference; lastKnownFileType = wrapper.framework; name = AdSupport.framework; path = System/Library/Frameworks/AdSupport.framework; sourceTree = SDKROOT; };
		FA83FFEC177F3E8300C589A7 /* TWXUIImage.h */ = {isa = PBXFileReference; fileEncoding = 4; lastKnownFileType = sourcecode.c.h; path = TWXUIImage.h; sourceTree = "<group>"; };
		FA83FFED177F3E8300C589A7 /* TWXUIImage.m */ = {isa = PBXFileReference; fileEncoding = 4; lastKnownFileType = sourcecode.c.objc; path = TWXUIImage.m; sourceTree = "<group>"; };
		FAAC9A86177C92C2005B32FD /* iTunesArtwork */ = {isa = PBXFileReference; lastKnownFileType = file; path = iTunesArtwork; sourceTree = "<group>"; };
		FAAC9A87177C92C2005B32FD /* iTunesArtwork@2x */ = {isa = PBXFileReference; lastKnownFileType = file; path = "iTunesArtwork@2x"; sourceTree = "<group>"; };
		FADCD08D177C7A8400C2782E /* en */ = {isa = PBXFileReference; lastKnownFileType = text.plist.strings; name = en; path = en.lproj/Localizable.strings; sourceTree = "<group>"; };
		FADCD090177C7C5D00C2782E /* Default-568h@2x.png */ = {isa = PBXFileReference; lastKnownFileType = image.png; path = "Default-568h@2x.png"; sourceTree = "<group>"; };
		FADCD091177C7C5D00C2782E /* Default-Landscape.png */ = {isa = PBXFileReference; lastKnownFileType = image.png; path = "Default-Landscape.png"; sourceTree = "<group>"; };
		FADCD092177C7C5D00C2782E /* Default-Portrait.png */ = {isa = PBXFileReference; lastKnownFileType = image.png; path = "Default-Portrait.png"; sourceTree = "<group>"; };
		FADCD093177C7C5D00C2782E /* Default.png */ = {isa = PBXFileReference; lastKnownFileType = image.png; path = Default.png; sourceTree = "<group>"; };
		FADCD094177C7C5D00C2782E /* Default@2x.png */ = {isa = PBXFileReference; lastKnownFileType = image.png; path = "Default@2x.png"; sourceTree = "<group>"; };
		FADCD095177C7C5D00C2782E /* Icon-72.png */ = {isa = PBXFileReference; lastKnownFileType = image.png; path = "Icon-72.png"; sourceTree = "<group>"; };
		FADCD096177C7C5D00C2782E /* Icon.png */ = {isa = PBXFileReference; lastKnownFileType = image.png; path = Icon.png; sourceTree = "<group>"; };
		FADCD097177C7C5D00C2782E /* Icon@2x.png */ = {isa = PBXFileReference; lastKnownFileType = image.png; path = "Icon@2x.png"; sourceTree = "<group>"; };
		FADCD0A6177C7D6E00C2782E /* Icon-72@2x.png */ = {isa = PBXFileReference; lastKnownFileType = image.png; path = "Icon-72@2x.png"; sourceTree = "<group>"; };
		FADCD0AA177C7E1400C2782E /* Default-Landscape@2x.png */ = {isa = PBXFileReference; lastKnownFileType = image.png; path = "Default-Landscape@2x.png"; sourceTree = "<group>"; };
		FADCD0AC177C7E9200C2782E /* Default-Portrait@2x.png */ = {isa = PBXFileReference; lastKnownFileType = image.png; path = "Default-Portrait@2x.png"; sourceTree = "<group>"; };
/* End PBXFileReference section */

/* Begin PBXFrameworksBuildPhase section */
		FA5892F41777530100EB7F59 /* Frameworks */ = {
			isa = PBXFrameworksBuildPhase;
			buildActionMask = 2147483647;
			files = (
				FA75AC8F178732AC00838F63 /* AdSupport.framework in Frameworks */,
				FA5893011777530100EB7F59 /* CoreData.framework in Frameworks */,
				FA5892FF1777530100EB7F59 /* CoreGraphics.framework in Frameworks */,
				FA5892FD1777530100EB7F59 /* Foundation.framework in Frameworks */,
				FA6755BF1779EC0200CB3937 /* MapKit.framework in Frameworks */,
				FA5892FB1777530100EB7F59 /* UIKit.framework in Frameworks */,
			);
			runOnlyForDeploymentPostprocessing = 0;
		};
		FA5893241777530200EB7F59 /* Frameworks */ = {
			isa = PBXFrameworksBuildPhase;
			buildActionMask = 2147483647;
			files = (
				FA58932B1777530200EB7F59 /* UIKit.framework in Frameworks */,
				FA58932C1777530200EB7F59 /* Foundation.framework in Frameworks */,
				FA58932D1777530200EB7F59 /* CoreData.framework in Frameworks */,
			);
			runOnlyForDeploymentPostprocessing = 0;
		};
/* End PBXFrameworksBuildPhase section */

/* Begin PBXGroup section */
		FA5892EE1777530100EB7F59 = {
			isa = PBXGroup;
			children = (
				FA589342177753DD00EB7F59 /* notes */,
				FA6755C9177A662B00CB3937 /* source */,
				FA589353177754E200EB7F59 /* resources */,
				FA589351177754AF00EB7F59 /* config */,
				FA5893301777530200EB7F59 /* GlobeRoverTests */,
				FA5892F91777530100EB7F59 /* Frameworks */,
				FA5892F81777530100EB7F59 /* Products */,
			);
			sourceTree = "<group>";
		};
		FA5892F81777530100EB7F59 /* Products */ = {
			isa = PBXGroup;
			children = (
				FA5892F71777530100EB7F59 /* GlobeRover.app */,
				FA5893281777530200EB7F59 /* GlobeRoverTests.octest */,
			);
			name = Products;
			sourceTree = "<group>";
		};
		FA5892F91777530100EB7F59 /* Frameworks */ = {
			isa = PBXGroup;
			children = (
				FA75AC8E178732AC00838F63 /* AdSupport.framework */,
				FA5893001777530100EB7F59 /* CoreData.framework */,
				FA5892FE1777530100EB7F59 /* CoreGraphics.framework */,
				FA5892FC1777530100EB7F59 /* Foundation.framework */,
				FA6755BE1779EC0200CB3937 /* MapKit.framework */,
				FA5892FA1777530100EB7F59 /* UIKit.framework */,
			);
			name = Frameworks;
			sourceTree = "<group>";
		};
		FA5893301777530200EB7F59 /* GlobeRoverTests */ = {
			isa = PBXGroup;
			children = (
				FA5893361777530200EB7F59 /* GlobeRoverTests.h */,
				FA5893371777530200EB7F59 /* GlobeRoverTests.m */,
				FA5893311777530200EB7F59 /* Supporting Files */,
			);
			path = GlobeRoverTests;
			sourceTree = "<group>";
		};
		FA5893311777530200EB7F59 /* Supporting Files */ = {
			isa = PBXGroup;
			children = (
				FA5893321777530200EB7F59 /* GlobeRoverTests-Info.plist */,
				FA5893331777530200EB7F59 /* InfoPlist.strings */,
			);
			name = "Supporting Files";
			sourceTree = "<group>";
		};
		FA589342177753DD00EB7F59 /* notes */ = {
			isa = PBXGroup;
			children = (
				FA6755C7177A64DC00CB3937 /* notes.rtf */,
				FA589343177753DD00EB7F59 /* bitbucket-globerover.webloc */,
			);
			name = notes;
			path = GlobeRover/notes;
			sourceTree = "<group>";
		};
		FA589351177754AF00EB7F59 /* config */ = {
			isa = PBXGroup;
			children = (
				FA589352177754AF00EB7F59 /* TWXProjectPrefix.pch */,
				FA6D0C97177E89D2003FF3A3 /* TWXProjectBase.xcconfig */,
				FA6D0C98177E89D2003FF3A3 /* TWXProjectDebug.xcconfig */,
				FA6D0C99177E89D2003FF3A3 /* TWXProjectRelease.xcconfig */,
				FA6D0C9A177E89D2003FF3A3 /* TWXTarget.xcconfig */,
			);
			name = config;
			path = GlobeRover/config;
			sourceTree = "<group>";
		};
		FA589353177754E200EB7F59 /* resources */ = {
			isa = PBXGroup;
			children = (
				FADCD08F177C7C5D00C2782E /* deployment */,
				FA589357177754E200EB7F59 /* InfoPlist.strings */,
				FADCD08C177C7A8400C2782E /* Localizable.strings */,
				FA58935B177754E200EB7F59 /* MainStoryboard.storyboard */,
				FA58935D177754E200EB7F59 /* GlobeRover-Info.plist */,
				FA58935E177754E200EB7F59 /* GlobeRover.xcdatamodeld */,
				FA6755C41779F88400CB3937 /* streetview.html */,
			);
			name = resources;
			path = GlobeRover/resources;
			sourceTree = "<group>";
		};
		FA6755C9177A662B00CB3937 /* source */ = {
			isa = PBXGroup;
			children = (
				FA6755CA177A662B00CB3937 /* application */,
				FA6755CE177A662B00CB3937 /* support */,
				FA6755CF177A662B00CB3937 /* views */,
				FA75AC671787303E00838F63 /* libraries */,
			);
			name = source;
			path = GlobeRover/source;
			sourceTree = "<group>";
		};
		FA6755CA177A662B00CB3937 /* application */ = {
			isa = PBXGroup;
			children = (
				FA6755CB177A662B00CB3937 /* GRVAppDelegate.h */,
				FA6755CC177A662B00CB3937 /* GRVAppDelegate.m */,
				FA6755CD177A662B00CB3937 /* main.m */,
			);
			path = application;
			sourceTree = "<group>";
		};
		FA6755CE177A662B00CB3937 /* support */ = {
			isa = PBXGroup;
			children = (
				FA6755D8177A66EF00CB3937 /* TWXAnalytics.h */,
				FA6755D9177A66EF00CB3937 /* TWXAnalytics.m */,
				FA6755DF177A6CD200CB3937 /* TWXDebugging.h */,
				FA6755E0177A6CD200CB3937 /* TWXDebugging.m */,
				FA6755E2177A6EBA00CB3937 /* TWXNSString.h */,
				FA6755E3177A6EBA00CB3937 /* TWXNSString.m */,
				FA83FFEC177F3E8300C589A7 /* TWXUIImage.h */,
				FA83FFED177F3E8300C589A7 /* TWXUIImage.m */,
			);
			path = support;
			sourceTree = "<group>";
		};
		FA6755CF177A662B00CB3937 /* views */ = {
			isa = PBXGroup;
			children = (
				FA6755D0177A662B00CB3937 /* GRVFlipsideViewController.h */,
				FA6755D1177A662B00CB3937 /* GRVFlipsideViewController.m */,
				FA6755D2177A662B00CB3937 /* GRVMainViewController.h */,
				FA6755D3177A662B00CB3937 /* GRVMainViewController.m */,
			);
			path = views;
			sourceTree = "<group>";
		};
		FA75AC671787303E00838F63 /* libraries */ = {
			isa = PBXGroup;
			children = (
			);
			path = libraries;
			sourceTree = "<group>";
		};
		FADCD08F177C7C5D00C2782E /* deployment */ = {
			isa = PBXGroup;
			children = (
				FADCD090177C7C5D00C2782E /* Default-568h@2x.png */,
				FADCD091177C7C5D00C2782E /* Default-Landscape.png */,
				FADCD0AA177C7E1400C2782E /* Default-Landscape@2x.png */,
				FADCD092177C7C5D00C2782E /* Default-Portrait.png */,
				FADCD0AC177C7E9200C2782E /* Default-Portrait@2x.png */,
				FADCD093177C7C5D00C2782E /* Default.png */,
				FADCD094177C7C5D00C2782E /* Default@2x.png */,
				FA1C0D90177C8EC1009E51BE /* Icon-60.png */,
				FA1C0D82177C84B3009E51BE /* Icon-60@2x.png */,
				FADCD095177C7C5D00C2782E /* Icon-72.png */,
				FADCD0A6177C7D6E00C2782E /* Icon-72@2x.png */,
				FA1C0D84177C84C2009E51BE /* Icon-76.png */,
				FA1C0D85177C84C2009E51BE /* Icon-76@2x.png */,
				FA1C0D86177C84C2009E51BE /* Icon-Small-50.png */,
				FA1C0D87177C84C2009E51BE /* Icon-Small-50@2x.png */,
				FA1C0D88177C84C2009E51BE /* Icon-Small.png */,
				FA1C0D89177C84C2009E51BE /* Icon-Small@2x.png */,
				FADCD096177C7C5D00C2782E /* Icon.png */,
				FADCD097177C7C5D00C2782E /* Icon@2x.png */,
				FAAC9A86177C92C2005B32FD /* iTunesArtwork */,
				FAAC9A87177C92C2005B32FD /* iTunesArtwork@2x */,
			);
			path = deployment;
			sourceTree = "<group>";
		};
/* End PBXGroup section */

/* Begin PBXNativeTarget section */
		FA5892F61777530100EB7F59 /* GlobeRover */ = {
			isa = PBXNativeTarget;
			buildConfigurationList = FA58933B1777530200EB7F59 /* Build configuration list for PBXNativeTarget "GlobeRover" */;
			buildPhases = (
				FA5892F31777530100EB7F59 /* Sources */,
				FA5892F41777530100EB7F59 /* Frameworks */,
				FA5892F51777530100EB7F59 /* Resources */,
				FAB13EE31A38714E0053620A /* ShellScript */,
			);
			buildRules = (
			);
			dependencies = (
			);
			name = GlobeRover;
			productName = GlobeRover;
			productReference = FA5892F71777530100EB7F59 /* GlobeRover.app */;
			productType = "com.apple.product-type.application";
		};
		FA5893271777530200EB7F59 /* GlobeRoverTests */ = {
			isa = PBXNativeTarget;
			buildConfigurationList = FA58933E1777530200EB7F59 /* Build configuration list for PBXNativeTarget "GlobeRoverTests" */;
			buildPhases = (
				FA5893231777530200EB7F59 /* Sources */,
				FA5893241777530200EB7F59 /* Frameworks */,
				FA5893251777530200EB7F59 /* Resources */,
				FA5893261777530200EB7F59 /* ShellScript */,
			);
			buildRules = (
			);
			dependencies = (
				FA58932F1777530200EB7F59 /* PBXTargetDependency */,
			);
			name = GlobeRoverTests;
			productName = GlobeRoverTests;
			productReference = FA5893281777530200EB7F59 /* GlobeRoverTests.octest */;
			productType = "com.apple.product-type.bundle.unit-test";
		};
/* End PBXNativeTarget section */

/* Begin PBXProject section */
		FA5892EF1777530100EB7F59 /* Project object */ = {
			isa = PBXProject;
			attributes = {
				CLASSPREFIX = GRV;
				LastTestingUpgradeCheck = 0610;
				LastUpgradeCheck = 0610;
				ORGANIZATIONNAME = "Trollwerks Inc.";
				TargetAttributes = {
					FA5892F61777530100EB7F59 = {
						DevelopmentTeam = 556343DW3U;
					};
				};
			};
			buildConfigurationList = FA5892F21777530100EB7F59 /* Build configuration list for PBXProject "GlobeRover" */;
			compatibilityVersion = "Xcode 3.2";
			developmentRegion = English;
			hasScannedForEncodings = 0;
			knownRegions = (
				en,
			);
			mainGroup = FA5892EE1777530100EB7F59;
			productRefGroup = FA5892F81777530100EB7F59 /* Products */;
			projectDirPath = "";
			projectRoot = "";
			targets = (
				FA5892F61777530100EB7F59 /* GlobeRover */,
				FA5893271777530200EB7F59 /* GlobeRoverTests */,
			);
		};
/* End PBXProject section */

/* Begin PBXResourcesBuildPhase section */
		FA5892F51777530100EB7F59 /* Resources */ = {
			isa = PBXResourcesBuildPhase;
			buildActionMask = 2147483647;
			files = (
				FA589344177753DD00EB7F59 /* bitbucket-globerover.webloc in Resources */,
				FA589363177754E200EB7F59 /* InfoPlist.strings in Resources */,
				FA1C0D8C177C84C2009E51BE /* Icon-Small-50.png in Resources */,
				FA1C0D8E177C84C2009E51BE /* Icon-Small.png in Resources */,
				FA1C0D8F177C84C2009E51BE /* Icon-Small@2x.png in Resources */,
				FA589365177754E200EB7F59 /* MainStoryboard.storyboard in Resources */,
				FA6755C51779F88400CB3937 /* streetview.html in Resources */,
				FADCD08E177C7A8400C2782E /* Localizable.strings in Resources */,
				FADCD098177C7C5D00C2782E /* Default-568h@2x.png in Resources */,
				FADCD099177C7C5D00C2782E /* Default-Landscape.png in Resources */,
				FADCD09A177C7C5D00C2782E /* Default-Portrait.png in Resources */,
				FADCD09B177C7C5D00C2782E /* Default.png in Resources */,
				FADCD09C177C7C5D00C2782E /* Default@2x.png in Resources */,
				FA1C0D91177C8EC1009E51BE /* Icon-60.png in Resources */,
				FA1C0D83177C84B3009E51BE /* Icon-60@2x.png in Resources */,
				FADCD09D177C7C5D00C2782E /* Icon-72.png in Resources */,
				FADCD09E177C7C5D00C2782E /* Icon.png in Resources */,
				FADCD09F177C7C5D00C2782E /* Icon@2x.png in Resources */,
				FADCD0A7177C7D6E00C2782E /* Icon-72@2x.png in Resources */,
				FA1C0D8B177C84C2009E51BE /* Icon-76@2x.png in Resources */,
				FA1C0D8D177C84C2009E51BE /* Icon-Small-50@2x.png in Resources */,
				FADCD0AB177C7E1400C2782E /* Default-Landscape@2x.png in Resources */,
				FA1C0D8A177C84C2009E51BE /* Icon-76.png in Resources */,
				FADCD0AD177C7E9200C2782E /* Default-Portrait@2x.png in Resources */,
				FAAC9A88177C92C2005B32FD /* iTunesArtwork in Resources */,
				FAAC9A89177C92C2005B32FD /* iTunesArtwork@2x in Resources */,
			);
			runOnlyForDeploymentPostprocessing = 0;
		};
		FA5893251777530200EB7F59 /* Resources */ = {
			isa = PBXResourcesBuildPhase;
			buildActionMask = 2147483647;
			files = (
				FA5893351777530200EB7F59 /* InfoPlist.strings in Resources */,
			);
			runOnlyForDeploymentPostprocessing = 0;
		};
/* End PBXResourcesBuildPhase section */

/* Begin PBXShellScriptBuildPhase section */
		FA5893261777530200EB7F59 /* ShellScript */ = {
			isa = PBXShellScriptBuildPhase;
			buildActionMask = 2147483647;
			files = (
			);
			inputPaths = (
			);
			outputPaths = (
			);
			runOnlyForDeploymentPostprocessing = 0;
			shellPath = /bin/sh;
			shellScript = "# Run the unit tests in this test bundle.\n\"${SYSTEM_DEVELOPER_DIR}/Tools/RunUnitTests\"\n";
		};
		FAB13EE31A38714E0053620A /* ShellScript */ = {
			isa = PBXShellScriptBuildPhase;
			buildActionMask = 2147483647;
			files = (
			);
			inputPaths = (
			);
			outputPaths = (
			);
			runOnlyForDeploymentPostprocessing = 0;
			shellPath = /bin/sh;
			shellScript = "./Fabric.framework/run 186ef2a41f30e2ce39a21f35b61600d3ae927290 3ce3168d4276f7278273f34fbc45d96dd492c71a98dc7a3dcd8f1fc3da321e50";
		};
/* End PBXShellScriptBuildPhase section */

/* Begin PBXSourcesBuildPhase section */
		FA5892F31777530100EB7F59 /* Sources */ = {
			isa = PBXSourcesBuildPhase;
			buildActionMask = 2147483647;
			files = (
				FA589367177754E200EB7F59 /* GlobeRover.xcdatamodeld in Sources */,
				FA6755D4177A662B00CB3937 /* GRVAppDelegate.m in Sources */,
				FA6755D5177A662B00CB3937 /* main.m in Sources */,
				FA6755D6177A662B00CB3937 /* GRVFlipsideViewController.m in Sources */,
				FA6755D7177A662B00CB3937 /* GRVMainViewController.m in Sources */,
				FA6755DA177A66EF00CB3937 /* TWXAnalytics.m in Sources */,
				FA6755E1177A6CD200CB3937 /* TWXDebugging.m in Sources */,
				FA6755E4177A6EBA00CB3937 /* TWXNSString.m in Sources */,
				FA83FFEF177F41BC00C589A7 /* TWXUIImage.m in Sources */,
			);
			runOnlyForDeploymentPostprocessing = 0;
		};
		FA5893231777530200EB7F59 /* Sources */ = {
			isa = PBXSourcesBuildPhase;
			buildActionMask = 2147483647;
			files = (
				FA5893381777530200EB7F59 /* GlobeRoverTests.m in Sources */,
			);
			runOnlyForDeploymentPostprocessing = 0;
		};
/* End PBXSourcesBuildPhase section */

/* Begin PBXTargetDependency section */
		FA58932F1777530200EB7F59 /* PBXTargetDependency */ = {
			isa = PBXTargetDependency;
			target = FA5892F61777530100EB7F59 /* GlobeRover */;
			targetProxy = FA58932E1777530200EB7F59 /* PBXContainerItemProxy */;
		};
/* End PBXTargetDependency section */

/* Begin PBXVariantGroup section */
		FA5893331777530200EB7F59 /* InfoPlist.strings */ = {
			isa = PBXVariantGroup;
			children = (
				FA5893341777530200EB7F59 /* en */,
			);
			name = InfoPlist.strings;
			sourceTree = "<group>";
		};
		FA589357177754E200EB7F59 /* InfoPlist.strings */ = {
			isa = PBXVariantGroup;
			children = (
				FA589358177754E200EB7F59 /* en */,
			);
			name = InfoPlist.strings;
			sourceTree = "<group>";
		};
		FA58935B177754E200EB7F59 /* MainStoryboard.storyboard */ = {
			isa = PBXVariantGroup;
			children = (
				FA58935C177754E200EB7F59 /* en */,
			);
			name = MainStoryboard.storyboard;
			sourceTree = "<group>";
		};
		FADCD08C177C7A8400C2782E /* Localizable.strings */ = {
			isa = PBXVariantGroup;
			children = (
				FADCD08D177C7A8400C2782E /* en */,
			);
			name = Localizable.strings;
			sourceTree = "<group>";
		};
/* End PBXVariantGroup section */

/* Begin XCBuildConfiguration section */
		FA5893391777530200EB7F59 /* Debug */ = {
			isa = XCBuildConfiguration;
			baseConfigurationReference = FA6D0C98177E89D2003FF3A3 /* TWXProjectDebug.xcconfig */;
			buildSettings = {
				CLANG_WARN_UNREACHABLE_CODE = YES;
				ENABLE_STRICT_OBJC_MSGSEND = YES;
				ONLY_ACTIVE_ARCH = YES;
			};
			name = Debug;
		};
		FA58933A1777530200EB7F59 /* Release */ = {
			isa = XCBuildConfiguration;
			baseConfigurationReference = FA6D0C99177E89D2003FF3A3 /* TWXProjectRelease.xcconfig */;
			buildSettings = {
				CLANG_WARN_UNREACHABLE_CODE = YES;
				ENABLE_STRICT_OBJC_MSGSEND = YES;
			};
			name = Release;
		};
		FA58933C1777530200EB7F59 /* Debug */ = {
			isa = XCBuildConfiguration;
			baseConfigurationReference = FA6D0C9A177E89D2003FF3A3 /* TWXTarget.xcconfig */;
			buildSettings = {
				CODE_SIGN_IDENTITY = "iPhone Developer";
				"CODE_SIGN_IDENTITY[sdk=iphoneos*]" = "iPhone Developer";
				PROVISIONING_PROFILE = "";
			};
			name = Debug;
		};
		FA58933D1777530200EB7F59 /* Release */ = {
			isa = XCBuildConfiguration;
			baseConfigurationReference = FA6D0C9A177E89D2003FF3A3 /* TWXTarget.xcconfig */;
			buildSettings = {
				CODE_SIGN_IDENTITY = "iPhone Developer";
				"CODE_SIGN_IDENTITY[sdk=iphoneos*]" = "iPhone Developer";
				PROVISIONING_PROFILE = "";
			};
			name = Release;
		};
		FA58933F1777530200EB7F59 /* Debug */ = {
			isa = XCBuildConfiguration;
			buildSettings = {
				BUNDLE_LOADER = "$(BUILT_PRODUCTS_DIR)/GlobeRover.app/GlobeRover";
				FRAMEWORK_SEARCH_PATHS = (
					"\"$(SDKROOT)/Developer/Library/Frameworks\"",
					"\"$(DEVELOPER_LIBRARY_DIR)/Frameworks\"",
					"$(inherited)",
				);
				GCC_PRECOMPILE_PREFIX_HEADER = YES;
				GCC_PREFIX_HEADER = GlobeRover/config/TWXProjectPrefix.pch;
				INFOPLIST_FILE = "GlobeRoverTests/GlobeRoverTests-Info.plist";
				PRODUCT_NAME = "$(TARGET_NAME)";
				TEST_HOST = "$(BUNDLE_LOADER)";
			};
			name = Debug;
		};
		FA5893401777530200EB7F59 /* Release */ = {
			isa = XCBuildConfiguration;
			buildSettings = {
				BUNDLE_LOADER = "$(BUILT_PRODUCTS_DIR)/GlobeRover.app/GlobeRover";
				FRAMEWORK_SEARCH_PATHS = (
					"\"$(SDKROOT)/Developer/Library/Frameworks\"",
					"\"$(DEVELOPER_LIBRARY_DIR)/Frameworks\"",
					"$(inherited)",
				);
				GCC_PRECOMPILE_PREFIX_HEADER = YES;
				GCC_PREFIX_HEADER = GlobeRover/config/TWXProjectPrefix.pch;
				INFOPLIST_FILE = "GlobeRoverTests/GlobeRoverTests-Info.plist";
				PRODUCT_NAME = "$(TARGET_NAME)";
				TEST_HOST = "$(BUNDLE_LOADER)";
			};
			name = Release;
		};
/* End XCBuildConfiguration section */

/* Begin XCConfigurationList section */
		FA5892F21777530100EB7F59 /* Build configuration list for PBXProject "GlobeRover" */ = {
			isa = XCConfigurationList;
			buildConfigurations = (
				FA5893391777530200EB7F59 /* Debug */,
				FA58933A1777530200EB7F59 /* Release */,
			);
			defaultConfigurationIsVisible = 0;
			defaultConfigurationName = Release;
		};
		FA58933B1777530200EB7F59 /* Build configuration list for PBXNativeTarget "GlobeRover" */ = {
			isa = XCConfigurationList;
			buildConfigurations = (
				FA58933C1777530200EB7F59 /* Debug */,
				FA58933D1777530200EB7F59 /* Release */,
			);
			defaultConfigurationIsVisible = 0;
			defaultConfigurationName = Release;
		};
		FA58933E1777530200EB7F59 /* Build configuration list for PBXNativeTarget "GlobeRoverTests" */ = {
			isa = XCConfigurationList;
			buildConfigurations = (
				FA58933F1777530200EB7F59 /* Debug */,
				FA5893401777530200EB7F59 /* Release */,
			);
			defaultConfigurationIsVisible = 0;
			defaultConfigurationName = Release;
		};
/* End XCConfigurationList section */

/* Begin XCVersionGroup section */
		FA58935E177754E200EB7F59 /* GlobeRover.xcdatamodeld */ = {
			isa = XCVersionGroup;
			children = (
				FA58935F177754E200EB7F59 /* GlobeRover.xcdatamodel */,
			);
			currentVersion = FA58935F177754E200EB7F59 /* GlobeRover.xcdatamodel */;
			path = GlobeRover.xcdatamodeld;
			sourceTree = "<group>";
			versionGroupType = wrapper.xcdatamodel;
		};
/* End XCVersionGroup section */
	};
	rootObject = FA5892EF1777530100EB7F59 /* Project object */;
}
